{
  "lockfile_version": "1",
  "packages": {
    "bat@latest": {
      "last_modified": "2025-02-23T09:42:26Z",
      "resolved": "github:NixOS/nixpkgs/2d068ae5c6516b2d04562de50a58c682540de9bf#bat",
      "source": "devbox-search",
      "version": "0.25.0",
      "systems": {
        "aarch64-darwin": {
          "outputs": [
            {
              "name": "out",
              "path": "/nix/store/7bqkim08k97vjlpiavvsi24zacz3mj7g-bat-0.25.0",
              "default": true
            }
          ],
          "store_path": "/nix/store/7bqkim08k97vjlpiavvsi24zacz3mj7g-bat-0.25.0"
        },
        "aarch64-linux": {
          "outputs": [
            {
              "name": "out",
              "path": "/nix/store/ypvcjk8hznpb56azpjd6jm8a9jv7fp7g-bat-0.25.0",
              "default": true
            }
          ],
          "store_path": "/nix/store/ypvcjk8hznpb56azpjd6jm8a9jv7fp7g-bat-0.25.0"
        },
        "x86_64-darwin": {
          "outputs": [
            {
              "name": "out",
              "path": "/nix/store/yixxzkspjsfrh88nykmzy9vfg6zcwjqc-bat-0.25.0",
              "default": true
            }
          ],
          "store_path": "/nix/store/yixxzkspjsfrh88nykmzy9vfg6zcwjqc-bat-0.25.0"
        },
        "x86_64-linux": {
          "outputs": [
            {
              "name": "out",
              "path": "/nix/store/vf5hbnpkw8yy7q56kba8hl9cm25143cq-bat-0.25.0",
              "default": true
            }
          ],
          "store_path": "/nix/store/vf5hbnpkw8yy7q56kba8hl9cm25143cq-bat-0.25.0"
        }
      }
    },
    "direnv@latest": {
      "last_modified": "2025-03-13T11:38:39Z",
      "resolved": "github:NixOS/nixpkgs/573c650e8a14b2faa0041645ab18aed7e60f0c9a#direnv",
      "source": "devbox-search",
      "version": "2.35.0",
      "systems": {
        "aarch64-darwin": {
          "outputs": [
            {
              "name": "out",
              "path": "/nix/store/j2q2x2g7kvjymp3qjr0qfa8rmm2sjfvv-direnv-2.35.0",
              "default": true
            }
          ],
          "store_path": "/nix/store/j2q2x2g7kvjymp3qjr0qfa8rmm2sjfvv-direnv-2.35.0"
        },
        "aarch64-linux": {
          "outputs": [
            {
              "name": "out",
              "path": "/nix/store/d4brpy1d3pvgqb7af1ibf7zr7dqqz8na-direnv-2.35.0",
              "default": true
            }
          ],
          "store_path": "/nix/store/d4brpy1d3pvgqb7af1ibf7zr7dqqz8na-direnv-2.35.0"
        },
        "x86_64-darwin": {
          "outputs": [
            {
              "name": "out",
              "path": "/nix/store/j1zrf9hd571bigkb6ibpwpaivk51m4i1-direnv-2.35.0",
              "default": true
            }
          ],
          "store_path": "/nix/store/j1zrf9hd571bigkb6ibpwpaivk51m4i1-direnv-2.35.0"
        },
        "x86_64-linux": {
          "outputs": [
            {
              "name": "out",
              "path": "/nix/store/v2ksznn11whi9a5lnjsk2c8a54w7jxph-direnv-2.35.0",
              "default": true
            }
          ],
          "store_path": "/nix/store/v2ksznn11whi9a5lnjsk2c8a54w7jxph-direnv-2.35.0"
        }
      }
    },
    "dust@latest": {
      "last_modified": "2025-03-09T21:26:12Z",
      "resolved": "github:NixOS/nixpkgs/e05f8bda630a0836d777d84de14b3c16eb758514#dust",
      "source": "devbox-search",
      "version": "1.1.2",
      "systems": {
        "aarch64-darwin": {
          "outputs": [
            {
              "name": "out",
              "path": "/nix/store/j05yxcwwq28lgfxr2vxrk06b14ys5l3q-du-dust-1.1.2",
              "default": true
            }
          ],
          "store_path": "/nix/store/j05yxcwwq28lgfxr2vxrk06b14ys5l3q-du-dust-1.1.2"
        },
        "aarch64-linux": {
          "outputs": [
            {
              "name": "out",
              "path": "/nix/store/fca847q95mpl5kyf4mb5f7ka0dlj7gqy-du-dust-1.1.2",
              "default": true
            }
          ],
          "store_path": "/nix/store/fca847q95mpl5kyf4mb5f7ka0dlj7gqy-du-dust-1.1.2"
        },
        "x86_64-darwin": {
          "outputs": [
            {
              "name": "out",
              "path": "/nix/store/6y0yk8a638ikrk0mh7yn71rzsg87c10v-du-dust-1.1.2",
              "default": true
            }
          ],
          "store_path": "/nix/store/6y0yk8a638ikrk0mh7yn71rzsg87c10v-du-dust-1.1.2"
        },
        "x86_64-linux": {
          "outputs": [
            {
              "name": "out",
              "path": "/nix/store/0b2d5pg7fryv4vvsyzxrc98xnsfc334p-du-dust-1.1.2",
              "default": true
            }
          ],
          "store_path": "/nix/store/0b2d5pg7fryv4vvsyzxrc98xnsfc334p-du-dust-1.1.2"
        }
      }
    },
    "eza@latest": {
      "last_modified": "2025-03-13T11:38:39Z",
      "resolved": "github:NixOS/nixpkgs/573c650e8a14b2faa0041645ab18aed7e60f0c9a#eza",
      "source": "devbox-search",
      "version": "0.20.24",
      "systems": {
        "aarch64-darwin": {
          "outputs": [
            {
              "name": "out",
              "path": "/nix/store/w97bs6ppnpmwpxjk74lij353877gqrn9-eza-0.20.24",
              "default": true
            },
            {
              "name": "man",
              "path": "/nix/store/0l0anv7x24h44b5pg1mr4bvyl34mak4q-eza-0.20.24-man",
              "default": true
            }
          ],
          "store_path": "/nix/store/w97bs6ppnpmwpxjk74lij353877gqrn9-eza-0.20.24"
        },
        "aarch64-linux": {
          "outputs": [
            {
              "name": "out",
              "path": "/nix/store/vn7mbd74wgy1wi57vddp9w74pbg8zinz-eza-0.20.24",
              "default": true
            },
            {
              "name": "man",
              "path": "/nix/store/29iz2s05js4inyjzr5ibcywfhag1z8xa-eza-0.20.24-man",
              "default": true
            }
          ],
          "store_path": "/nix/store/vn7mbd74wgy1wi57vddp9w74pbg8zinz-eza-0.20.24"
        },
        "x86_64-darwin": {
          "outputs": [
            {
              "name": "out",
              "path": "/nix/store/h6wwqqjhdk4h2r6qba8zb7w3mvk594dm-eza-0.20.24",
              "default": true
            },
            {
              "name": "man",
              "path": "/nix/store/08rf8zfrn5sy0067q15x7vxa9bfp46r6-eza-0.20.24-man",
              "default": true
            }
          ],
          "store_path": "/nix/store/h6wwqqjhdk4h2r6qba8zb7w3mvk594dm-eza-0.20.24"
        },
        "x86_64-linux": {
          "outputs": [
            {
              "name": "out",
              "path": "/nix/store/xrbp40grf5x6zhy5lr49c74g23n0k4y7-eza-0.20.24",
              "default": true
            },
            {
              "name": "man",
              "path": "/nix/store/vfilzg7ppmvvsk9n82m72wa5xy5j36dc-eza-0.20.24-man",
              "default": true
            }
          ],
          "store_path": "/nix/store/xrbp40grf5x6zhy5lr49c74g23n0k4y7-eza-0.20.24"
        }
      }
    },
    "fd@latest": {
      "last_modified": "2025-02-23T09:42:26Z",
      "resolved": "github:NixOS/nixpkgs/2d068ae5c6516b2d04562de50a58c682540de9bf#fd",
      "source": "devbox-search",
      "version": "10.2.0",
      "systems": {
        "aarch64-darwin": {
          "outputs": [
            {
              "name": "out",
              "path": "/nix/store/wdyzs3l4n5fkmgqf0n8vb3x79rds17q4-fd-10.2.0",
              "default": true
            }
          ],
          "store_path": "/nix/store/wdyzs3l4n5fkmgqf0n8vb3x79rds17q4-fd-10.2.0"
        },
        "aarch64-linux": {
          "outputs": [
            {
              "name": "out",
              "path": "/nix/store/fl5c62iir36pq2m2qld18dr81dp5lssr-fd-10.2.0",
              "default": true
            }
          ],
          "store_path": "/nix/store/fl5c62iir36pq2m2qld18dr81dp5lssr-fd-10.2.0"
        },
        "x86_64-darwin": {
          "outputs": [
            {
              "name": "out",
              "path": "/nix/store/vq8hpchpaw47pnh7yhgg99w9kh1daca7-fd-10.2.0",
              "default": true
            }
          ],
          "store_path": "/nix/store/vq8hpchpaw47pnh7yhgg99w9kh1daca7-fd-10.2.0"
        },
        "x86_64-linux": {
          "outputs": [
            {
              "name": "out",
              "path": "/nix/store/5kq2immy0sc9qdsqmn7hrwjmmbq15a71-fd-10.2.0",
              "default": true
            }
          ],
          "store_path": "/nix/store/5kq2immy0sc9qdsqmn7hrwjmmbq15a71-fd-10.2.0"
        }
      }
    },
    "fira-code-nerdfont@latest": {
      "last_modified": "2024-11-16T04:25:12Z",
      "resolved": "github:NixOS/nixpkgs/34a626458d686f1b58139620a8b2793e9e123bba#fira-code-nerdfont",
      "source": "devbox-search",
      "version": "3.2.1",
      "systems": {
        "aarch64-darwin": {
          "outputs": [
            {
              "name": "out",
              "path": "/nix/store/pw3gnk3v4i8gimx9p8bj9nn44kzpn1h0-nerdfonts-3.2.1",
              "default": true
            }
          ],
          "store_path": "/nix/store/pw3gnk3v4i8gimx9p8bj9nn44kzpn1h0-nerdfonts-3.2.1"
        },
        "aarch64-linux": {
          "outputs": [
            {
              "name": "out",
              "path": "/nix/store/81x480qr7qm2p48jjcrkx70wd7j14jll-nerdfonts-3.2.1",
              "default": true
            }
          ],
          "store_path": "/nix/store/81x480qr7qm2p48jjcrkx70wd7j14jll-nerdfonts-3.2.1"
        },
        "x86_64-darwin": {
          "outputs": [
            {
              "name": "out",
              "path": "/nix/store/wvhsg318fv9hcz0q0b9mzl7g6jh77373-nerdfonts-3.2.1",
              "default": true
            }
          ],
          "store_path": "/nix/store/wvhsg318fv9hcz0q0b9mzl7g6jh77373-nerdfonts-3.2.1"
        },
        "x86_64-linux": {
          "outputs": [
            {
              "name": "out",
              "path": "/nix/store/ybr1l9xjmigggpdg0h2fvcam8pmx2591-nerdfonts-3.2.1",
              "default": true
            }
          ],
          "store_path": "/nix/store/ybr1l9xjmigggpdg0h2fvcam8pmx2591-nerdfonts-3.2.1"
        }
      }
    },
    "fzf@latest": {
      "last_modified": "2025-03-11T17:52:14Z",
      "resolved": "github:NixOS/nixpkgs/0d534853a55b5d02a4ababa1d71921ce8f0aee4c#fzf",
      "source": "devbox-search",
      "version": "0.60.3",
      "systems": {
        "aarch64-darwin": {
          "outputs": [
            {
              "name": "out",
              "path": "/nix/store/l8nnqmskgzp5cl6qzh7m3ngzil00fhgy-fzf-0.60.3",
              "default": true
            },
            {
              "name": "man",
              "path": "/nix/store/2d6j0js7qqxcr1ahz1wpf64flwpwks03-fzf-0.60.3-man",
              "default": true
            }
          ],
          "store_path": "/nix/store/l8nnqmskgzp5cl6qzh7m3ngzil00fhgy-fzf-0.60.3"
        },
        "aarch64-linux": {
          "outputs": [
            {
              "name": "out",
              "path": "/nix/store/84vr4i9wa2accix8kaawbjgq8xinllk0-fzf-0.60.3",
              "default": true
            },
            {
              "name": "man",
              "path": "/nix/store/gn41sqclklk0djn802j0f0qiqd5n6104-fzf-0.60.3-man",
              "default": true
            }
          ],
          "store_path": "/nix/store/84vr4i9wa2accix8kaawbjgq8xinllk0-fzf-0.60.3"
        },
        "x86_64-darwin": {
          "outputs": [
            {
              "name": "out",
              "path": "/nix/store/x2f1zc3k0qwm4rva27ig27sx2igvh0yv-fzf-0.60.3",
              "default": true
            },
            {
              "name": "man",
              "path": "/nix/store/51sd3qp79cdhzw4xs0skawk89hql97dw-fzf-0.60.3-man",
              "default": true
            }
          ],
          "store_path": "/nix/store/x2f1zc3k0qwm4rva27ig27sx2igvh0yv-fzf-0.60.3"
        },
        "x86_64-linux": {
          "outputs": [
            {
              "name": "out",
              "path": "/nix/store/0jcwaphckifvjlidxg9y2n37d7ri6whx-fzf-0.60.3",
              "default": true
            },
            {
              "name": "man",
              "path": "/nix/store/7xbkpixagf7znj4ys0h10s8as1jp81sn-fzf-0.60.3-man",
              "default": true
            }
          ],
          "store_path": "/nix/store/0jcwaphckifvjlidxg9y2n37d7ri6whx-fzf-0.60.3"
        }
      }
    },
    "git@latest": {
      "last_modified": "2025-03-11T17:52:14Z",
      "resolved": "github:NixOS/nixpkgs/0d534853a55b5d02a4ababa1d71921ce8f0aee4c#git",
      "source": "devbox-search",
      "version": "2.48.1",
      "systems": {
        "aarch64-darwin": {
          "outputs": [
            {
              "name": "out",
              "path": "/nix/store/b3sci30zzzlj3rzj1y89cijnd6zcwapk-git-2.48.1",
              "default": true
            },
            {
              "name": "doc",
              "path": "/nix/store/086knqdw7fjgzczp0i6nad95s2v6jbya-git-2.48.1-doc"
            }
          ],
          "store_path": "/nix/store/b3sci30zzzlj3rzj1y89cijnd6zcwapk-git-2.48.1"
        },
        "aarch64-linux": {
          "outputs": [
            {
              "name": "out",
              "path": "/nix/store/gzamqis9d24214c2br9g7vxqzgh309l4-git-2.48.1",
              "default": true
            },
            {
              "name": "debug",
              "path": "/nix/store/ch1rjq8rbjm2ipbxa2i5cpdc5c0raih6-git-2.48.1-debug"
            },
            {
              "name": "doc",
              "path": "/nix/store/3v7g1zdv24mziy2m4xymi0a9fwd8h8c9-git-2.48.1-doc"
            }
          ],
          "store_path": "/nix/store/gzamqis9d24214c2br9g7vxqzgh309l4-git-2.48.1"
        },
        "x86_64-darwin": {
          "outputs": [
            {
              "name": "out",
              "path": "/nix/store/5qmpmgx1fb1qxnq3gb1hvvha5wi24n7v-git-2.48.1",
              "default": true
            },
            {
              "name": "doc",
              "path": "/nix/store/x5x4qz04v9zfz9dzh8l723nbwma8dnmk-git-2.48.1-doc"
            }
          ],
          "store_path": "/nix/store/5qmpmgx1fb1qxnq3gb1hvvha5wi24n7v-git-2.48.1"
        },
        "x86_64-linux": {
          "outputs": [
            {
              "name": "out",
              "path": "/nix/store/pl9krbxnhawd4n5kxsm6m5i5mjhbw48q-git-2.48.1",
              "default": true
            },
            {
              "name": "doc",
              "path": "/nix/store/fkrfnnwc7a7rq86rrnb9j2474wy8qkbm-git-2.48.1-doc"
            },
            {
              "name": "debug",
              "path": "/nix/store/s0a07h6m6lpcv67954y3vag35np716sf-git-2.48.1-debug"
            }
          ],
          "store_path": "/nix/store/pl9krbxnhawd4n5kxsm6m5i5mjhbw48q-git-2.48.1"
        }
      }
    },
    "github:NixOS/nixpkgs/nixpkgs-unstable": {
      "resolved": "github:NixOS/nixpkgs/3549532663732bfd89993204d40543e9edaec4f2?lastModified=1742272065&narHash=sha256-ud8vcSzJsZ%2FCK%2Br8%2Fv0lyf4yUntVmDq6Z0A41ODfWbE%3D"
    },
    "localsend@latest": {
      "last_modified": "2025-03-11T17:52:14Z",
      "resolved": "github:NixOS/nixpkgs/0d534853a55b5d02a4ababa1d71921ce8f0aee4c#localsend",
      "source": "devbox-search",
      "version": "1.17.0",
      "systems": {
        "aarch64-darwin": {
          "outputs": [
            {
              "name": "out",
              "path": "/nix/store/m2vczwrq6gpc8jirnqc6zpd9k7ah6741-localsend-1.17.0",
              "default": true
            }
          ],
          "store_path": "/nix/store/m2vczwrq6gpc8jirnqc6zpd9k7ah6741-localsend-1.17.0"
        },
        "aarch64-linux": {
          "outputs": [
            {
              "name": "out",
              "path": "/nix/store/3fjbn4mkz6ciy2y3wh93fqrai9c91y5v-localsend-1.17.0",
              "default": true
            },
            {
              "name": "debug",
              "path": "/nix/store/qplmfa3fx630jfqhi6bwy4z5i1giypin-localsend-1.17.0-debug"
            },
            {
              "name": "pubcache",
              "path": "/nix/store/zv0ja640n0pp98j4cvi84l6rzan501yv-localsend-1.17.0-pubcache"
            }
          ],
          "store_path": "/nix/store/3fjbn4mkz6ciy2y3wh93fqrai9c91y5v-localsend-1.17.0"
        },
        "x86_64-darwin": {
          "outputs": [
            {
              "name": "out",
              "path": "/nix/store/khgh6si1j66lnymsk42dfajx6yjn7a4l-localsend-1.17.0",
              "default": true
            }
          ],
          "store_path": "/nix/store/khgh6si1j66lnymsk42dfajx6yjn7a4l-localsend-1.17.0"
        },
        "x86_64-linux": {
          "outputs": [
            {
              "name": "out",
              "path": "/nix/store/rd7c73wr254vyv56aw7h1dkb01yfm9ls-localsend-1.17.0",
              "default": true
            },
            {
              "name": "pubcache",
              "path": "/nix/store/7qyxblrf3yavir6a2qajacm1gb1hxwjj-localsend-1.17.0-pubcache"
            },
            {
              "name": "debug",
              "path": "/nix/store/qasanwfsn4b7b4qx0m7rqwyqklj6zld1-localsend-1.17.0-debug"
            }
          ],
          "store_path": "/nix/store/rd7c73wr254vyv56aw7h1dkb01yfm9ls-localsend-1.17.0"
        }
      }
    },
    "lua@latest": {
      "last_modified": "2025-03-11T17:52:14Z",
      "resolved": "github:NixOS/nixpkgs/0d534853a55b5d02a4ababa1d71921ce8f0aee4c#lua",
      "source": "devbox-search",
      "version": "5.2.4",
      "systems": {
        "aarch64-darwin": {
          "outputs": [
            {
              "name": "out",
              "path": "/nix/store/z3zl34vhys4izcvn2i1jclk1b34kh7sv-lua-5.2.4",
              "default": true
            },
            {
              "name": "doc",
              "path": "/nix/store/k7bq65gyyps0c3m2sb74z5zklv3gm35v-lua-5.2.4-doc"
            }
          ],
          "store_path": "/nix/store/z3zl34vhys4izcvn2i1jclk1b34kh7sv-lua-5.2.4"
        },
        "aarch64-linux": {
          "outputs": [
            {
              "name": "out",
              "path": "/nix/store/sg5hbhrd7cs5rza0j0ljsq0dp2xakw77-lua-5.2.4",
              "default": true
            },
            {
              "name": "doc",
              "path": "/nix/store/lvl20sn5aa3z0h8yv9sb4q4dbpry1amy-lua-5.2.4-doc"
            }
          ],
          "store_path": "/nix/store/sg5hbhrd7cs5rza0j0ljsq0dp2xakw77-lua-5.2.4"
        },
        "x86_64-darwin": {
          "outputs": [
            {
              "name": "out",
              "path": "/nix/store/zhfdgy2im08hmflfzsxq9m2aa39124bb-lua-5.2.4",
              "default": true
            },
            {
              "name": "doc",
              "path": "/nix/store/m9rrx2j49r5ydnl96rmqszsw95mcv74g-lua-5.2.4-doc"
            }
          ],
          "store_path": "/nix/store/zhfdgy2im08hmflfzsxq9m2aa39124bb-lua-5.2.4"
        },
        "x86_64-linux": {
          "outputs": [
            {
              "name": "out",
              "path": "/nix/store/c8p46pg9kp8yp5kii07hcrx1n6m8jam2-lua-5.2.4",
              "default": true
            },
            {
              "name": "doc",
              "path": "/nix/store/5xhjkdjnwyaca2cgvysijw1f0w16wrmb-lua-5.2.4-doc"
            }
          ],
          "store_path": "/nix/store/c8p46pg9kp8yp5kii07hcrx1n6m8jam2-lua-5.2.4"
        }
      }
    },
    "neovim@latest": {
      "last_modified": "2025-03-13T11:38:39Z",
      "resolved": "github:NixOS/nixpkgs/573c650e8a14b2faa0041645ab18aed7e60f0c9a#neovim",
      "source": "devbox-search",
      "version": "0.10.4",
      "systems": {
        "aarch64-darwin": {
          "outputs": [
            {
              "name": "out",
              "path": "/nix/store/8m3mcfl3i4jib8379nlf4yamiwk9kn0g-neovim-0.10.4",
              "default": true
            }
          ],
          "store_path": "/nix/store/8m3mcfl3i4jib8379nlf4yamiwk9kn0g-neovim-0.10.4"
        },
        "aarch64-linux": {
          "outputs": [
            {
              "name": "out",
              "path": "/nix/store/bd99zl2wpsih7hwf3lsqr1g7rcybjz7x-neovim-0.10.4",
              "default": true
            }
          ],
          "store_path": "/nix/store/bd99zl2wpsih7hwf3lsqr1g7rcybjz7x-neovim-0.10.4"
        },
        "x86_64-darwin": {
          "outputs": [
            {
              "name": "out",
              "path": "/nix/store/gaw8b3861a0947jrmsd60b5abxaz4vhq-neovim-0.10.4",
              "default": true
            }
          ],
          "store_path": "/nix/store/gaw8b3861a0947jrmsd60b5abxaz4vhq-neovim-0.10.4"
        },
        "x86_64-linux": {
          "outputs": [
            {
              "name": "out",
              "path": "/nix/store/vrclrsy4i9n5amslva0c33jknac37zwf-neovim-0.10.4",
              "default": true
            }
          ],
          "store_path": "/nix/store/vrclrsy4i9n5amslva0c33jknac37zwf-neovim-0.10.4"
        }
      }
    },
    "nerdfonts@latest": {
      "last_modified": "2024-11-16T04:25:12Z",
      "resolved": "github:NixOS/nixpkgs/34a626458d686f1b58139620a8b2793e9e123bba#nerdfonts",
      "source": "devbox-search",
      "version": "3.2.1",
      "systems": {
        "aarch64-darwin": {
          "outputs": [
            {
              "name": "out",
              "path": "/nix/store/kjp1v736v5adydkwfh1wy5m71v7y02ww-nerdfonts-3.2.1",
              "default": true
            }
          ],
          "store_path": "/nix/store/kjp1v736v5adydkwfh1wy5m71v7y02ww-nerdfonts-3.2.1"
        },
        "aarch64-linux": {
          "outputs": [
            {
              "name": "out",
              "path": "/nix/store/cw6dv2xzf2gq2d4n558jd76mspwqmlkw-nerdfonts-3.2.1",
              "default": true
            }
          ],
          "store_path": "/nix/store/cw6dv2xzf2gq2d4n558jd76mspwqmlkw-nerdfonts-3.2.1"
        },
        "x86_64-darwin": {
          "outputs": [
            {
              "name": "out",
              "path": "/nix/store/r6r5vzi72a5vx8b3lhl1aq9hma99m2b1-nerdfonts-3.2.1",
              "default": true
            }
          ],
          "store_path": "/nix/store/r6r5vzi72a5vx8b3lhl1aq9hma99m2b1-nerdfonts-3.2.1"
        },
        "x86_64-linux": {
          "outputs": [
            {
              "name": "out",
              "path": "/nix/store/c8z07qzzpg17vg0chvfz56gkj48frhww-nerdfonts-3.2.1",
              "default": true
            }
          ],
          "store_path": "/nix/store/c8z07qzzpg17vg0chvfz56gkj48frhww-nerdfonts-3.2.1"
        }
      }
    },
    "ripgrep@latest": {
      "last_modified": "2025-02-23T09:42:26Z",
      "resolved": "github:NixOS/nixpkgs/2d068ae5c6516b2d04562de50a58c682540de9bf#ripgrep",
      "source": "devbox-search",
      "version": "14.1.1",
      "systems": {
        "aarch64-darwin": {
          "outputs": [
            {
              "name": "out",
              "path": "/nix/store/y470kg919bsrzl28b3g0qlf5grv04xyx-ripgrep-14.1.1",
              "default": true
            }
          ],
          "store_path": "/nix/store/y470kg919bsrzl28b3g0qlf5grv04xyx-ripgrep-14.1.1"
        },
        "aarch64-linux": {
          "outputs": [
            {
              "name": "out",
              "path": "/nix/store/w01qdshvhg0mhwfdlfb43w8qbi13x4rd-ripgrep-14.1.1",
              "default": true
            }
          ],
          "store_path": "/nix/store/w01qdshvhg0mhwfdlfb43w8qbi13x4rd-ripgrep-14.1.1"
        },
        "x86_64-darwin": {
          "outputs": [
            {
              "name": "out",
              "path": "/nix/store/94k9ri8g0ilaigd9fdz4qw900vas01kr-ripgrep-14.1.1",
              "default": true
            }
          ],
          "store_path": "/nix/store/94k9ri8g0ilaigd9fdz4qw900vas01kr-ripgrep-14.1.1"
        },
        "x86_64-linux": {
          "outputs": [
            {
              "name": "out",
              "path": "/nix/store/i407i79g1ch5pl1lq4s3l31jsr1g46ds-ripgrep-14.1.1",
              "default": true
            }
          ],
          "store_path": "/nix/store/i407i79g1ch5pl1lq4s3l31jsr1g46ds-ripgrep-14.1.1"
        }
      }
    },
    "sd@latest": {
      "last_modified": "2025-03-11T17:52:14Z",
      "resolved": "github:NixOS/nixpkgs/0d534853a55b5d02a4ababa1d71921ce8f0aee4c#sd",
      "source": "devbox-search",
      "version": "1.0.0",
      "systems": {
        "aarch64-darwin": {
          "outputs": [
            {
              "name": "out",
              "path": "/nix/store/2j32qc4gzck241xi9y89w4j4ax35a49j-sd-1.0.0",
              "default": true
            }
          ],
          "store_path": "/nix/store/2j32qc4gzck241xi9y89w4j4ax35a49j-sd-1.0.0"
        },
        "aarch64-linux": {
          "outputs": [
            {
              "name": "out",
              "path": "/nix/store/dp3a93jvm5pl7xy7zxhk6hr1rvykhhps-sd-1.0.0",
              "default": true
            }
          ],
          "store_path": "/nix/store/dp3a93jvm5pl7xy7zxhk6hr1rvykhhps-sd-1.0.0"
        },
        "x86_64-darwin": {
          "outputs": [
            {
              "name": "out",
              "path": "/nix/store/59b3h0hwj5d6a8xi4fk9m4cfscn7ja8y-sd-1.0.0",
              "default": true
            }
          ],
          "store_path": "/nix/store/59b3h0hwj5d6a8xi4fk9m4cfscn7ja8y-sd-1.0.0"
        },
        "x86_64-linux": {
          "outputs": [
            {
              "name": "out",
              "path": "/nix/store/8jg5w8ywsy69fydqy3rvz3564x5q4mi1-sd-1.0.0",
              "default": true
            }
          ],
          "store_path": "/nix/store/8jg5w8ywsy69fydqy3rvz3564x5q4mi1-sd-1.0.0"
        }
      }
    },
    "spectre-cli@latest": {
      "last_modified": "2025-03-16T23:54:35Z",
      "resolved": "github:NixOS/nixpkgs/5d9b5431f967007b3952c057fc92af49a4c5f3b2#spectre-cli",
      "source": "devbox-search",
      "version": "2022-02-05",
      "systems": {
        "aarch64-darwin": {
          "outputs": [
            {
              "name": "out",
              "path": "/nix/store/xm9igmhavjvr8bp289yw764il9l1qcvm-spectre-cli-unstable-2022-02-05",
              "default": true
            }
          ],
          "store_path": "/nix/store/xm9igmhavjvr8bp289yw764il9l1qcvm-spectre-cli-unstable-2022-02-05"
        },
        "aarch64-linux": {
          "outputs": [
            {
              "name": "out",
              "path": "/nix/store/l8bw48awfa435wda7gnl1hyx3hlvjddb-spectre-cli-unstable-2022-02-05",
              "default": true
            }
          ],
          "store_path": "/nix/store/l8bw48awfa435wda7gnl1hyx3hlvjddb-spectre-cli-unstable-2022-02-05"
        },
        "x86_64-darwin": {
          "outputs": [
            {
              "name": "out",
              "path": "/nix/store/qxfnl6j90r4gdacbw6w2bvlnv57hm4k3-spectre-cli-unstable-2022-02-05",
              "default": true
            }
          ],
          "store_path": "/nix/store/qxfnl6j90r4gdacbw6w2bvlnv57hm4k3-spectre-cli-unstable-2022-02-05"
        },
        "x86_64-linux": {
          "outputs": [
            {
              "name": "out",
              "path": "/nix/store/a6aj0r76pagkqal7h16llikhi60dk6iv-spectre-cli-unstable-2022-02-05",
              "default": true
            }
          ],
          "store_path": "/nix/store/a6aj0r76pagkqal7h16llikhi60dk6iv-spectre-cli-unstable-2022-02-05"
        }
      }
    },
    "starship@latest": {
      "last_modified": "2025-03-13T11:38:39Z",
      "resolved": "github:NixOS/nixpkgs/573c650e8a14b2faa0041645ab18aed7e60f0c9a#starship",
      "source": "devbox-search",
      "version": "1.22.1",
      "systems": {
        "aarch64-darwin": {
          "outputs": [
            {
              "name": "out",
              "path": "/nix/store/7m8hv4ijk3wsa00cmavwwn2xx620xy9l-starship-1.22.1",
              "default": true
            }
          ],
          "store_path": "/nix/store/7m8hv4ijk3wsa00cmavwwn2xx620xy9l-starship-1.22.1"
        },
        "aarch64-linux": {
          "outputs": [
            {
              "name": "out",
              "path": "/nix/store/9y3izx2lrqkps6x61cci3plz6dybddj4-starship-1.22.1",
              "default": true
            }
          ],
          "store_path": "/nix/store/9y3izx2lrqkps6x61cci3plz6dybddj4-starship-1.22.1"
        },
        "x86_64-darwin": {
          "outputs": [
            {
              "name": "out",
              "path": "/nix/store/fb4wpkg4vf7gpqz2qg8cdpmqfsjz2zbm-starship-1.22.1",
              "default": true
            }
          ],
          "store_path": "/nix/store/fb4wpkg4vf7gpqz2qg8cdpmqfsjz2zbm-starship-1.22.1"
        },
        "x86_64-linux": {
          "outputs": [
            {
              "name": "out",
              "path": "/nix/store/d2g5lzr45z3ysszbmvqzz6yskzp2wd6q-starship-1.22.1",
              "default": true
            }
          ],
          "store_path": "/nix/store/d2g5lzr45z3ysszbmvqzz6yskzp2wd6q-starship-1.22.1"
        }
      }
    },
    "wget@latest": {
      "last_modified": "2025-07-13T22:45:35Z",
      "resolved": "github:NixOS/nixpkgs/a421ac6595024edcfbb1ef950a3712b89161c359#wget",
      "source": "devbox-search",
      "version": "1.25.0",
      "systems": {
        "aarch64-darwin": {
          "outputs": [
            {
              "name": "out",
              "path": "/nix/store/n56qyd9px0gmq7chcvaifc0gcjpzkk27-wget-1.25.0",
              "default": true
            }
          ],
          "store_path": "/nix/store/n56qyd9px0gmq7chcvaifc0gcjpzkk27-wget-1.25.0"
        },
        "aarch64-linux": {
          "outputs": [
            {
              "name": "out",
              "path": "/nix/store/wkw69nqfaz4lgcsxm97qyzzfclwhlzc2-wget-1.25.0",
              "default": true
            }
          ],
          "store_path": "/nix/store/wkw69nqfaz4lgcsxm97qyzzfclwhlzc2-wget-1.25.0"
        },
        "x86_64-darwin": {
          "outputs": [
            {
              "name": "out",
              "path": "/nix/store/rf5daj9zdqg08jli53dv4vsgw3fmysgc-wget-1.25.0",
              "default": true
            }
          ],
          "store_path": "/nix/store/rf5daj9zdqg08jli53dv4vsgw3fmysgc-wget-1.25.0"
        },
        "x86_64-linux": {
          "outputs": [
            {
              "name": "out",
              "path": "/nix/store/66k8i1h42c4wggszk7y2pzwsywvm4q2f-wget-1.25.0",
              "default": true
            }
          ],
          "store_path": "/nix/store/66k8i1h42c4wggszk7y2pzwsywvm4q2f-wget-1.25.0"
        }
      }
    },
    "zellij@latest": {
      "last_modified": "2025-03-17T10:12:08Z",
      "resolved": "github:NixOS/nixpkgs/096478927c360bc18ea80c8274f013709cf7bdcd#zellij",
      "source": "devbox-search",
      "version": "0.42.0",
      "systems": {
        "aarch64-darwin": {
          "outputs": [
            {
              "name": "out",
              "path": "/nix/store/9m56sycyqi05pqm0ci59s0adbq1hpss4-zellij-0.42.0",
              "default": true
            }
          ],
          "store_path": "/nix/store/9m56sycyqi05pqm0ci59s0adbq1hpss4-zellij-0.42.0"
        },
        "aarch64-linux": {
          "outputs": [
            {
              "name": "out",
              "path": "/nix/store/xl7qz0v5h5gmqh38z3r6204kwnc1spfs-zellij-0.42.0",
              "default": true
            }
          ],
          "store_path": "/nix/store/xl7qz0v5h5gmqh38z3r6204kwnc1spfs-zellij-0.42.0"
        },
        "x86_64-darwin": {
          "outputs": [
            {
              "name": "out",
              "path": "/nix/store/k3ca3cb1fn9j5y194xdlnxwjan786aqn-zellij-0.42.0",
              "default": true
            }
          ],
          "store_path": "/nix/store/k3ca3cb1fn9j5y194xdlnxwjan786aqn-zellij-0.42.0"
        },
        "x86_64-linux": {
          "outputs": [
            {
              "name": "out",
              "path": "/nix/store/0h76rzqvb2apsyzs46hrr66rxy4x6prx-zellij-0.42.0",
              "default": true
            }
          ],
          "store_path": "/nix/store/0h76rzqvb2apsyzs46hrr66rxy4x6prx-zellij-0.42.0"
        }
      }
    }
  }
}
